
Microsoft Visual Studio Solution File, Format Version 12.00
Project("{2150E333-8FDC-42A3-9474-1A3956D46DE8}") = "NodeClient", "NodeClient", "{3B99ABFF-1A3C-4772-B9CA-1D925C24F8C5}"
EndProject
Project("{2150E333-8FDC-42A3-9474-1A3956D46DE8}") = "Updater", "Updater", "{86D96967-8A04-442B-8555-3718B7E57D41}"
EndProject
Project("{2150E333-8FDC-42A3-9474-1A3956D46DE8}") = "Shared", "Shared", "{BD036118-DCEB-4CE7-903C-C3061D2E3F7A}"
EndProject
Project("{2150E333-8FDC-42A3-9474-1A3956D46DE8}") = "Extensions", "Extensions", "{884E444E-869F-42F4-9968-63C4068EBADF}"
EndProject
Project("{2150E333-8FDC-42A3-9474-1A3956D46DE8}") = "Exceptions", "Exceptions", "{8CEED78C-6866-4C90-A13A-B346539BF380}"
EndProject
Project("{2150E333-8FDC-42A3-9474-1A3956D46DE8}") = "Services", "Services", "{39B0E1DD-B6D8-4A9E-B3D2-9A35CAFC4946}"
EndProject
Project("{FAE04EC0-301F-11D3-BF4B-00C04F79EFBC}") = "CMCS.Updater", "Updater\CMCS.Updater\CMCS.Updater.csproj", "{A1859022-72F0-4122-8CB2-4C42D45F1105}"
EndProject
Project("{FAE04EC0-301F-11D3-BF4B-00C04F79EFBC}") = "CMCS.Updater.App", "Updater\CMCS.Updater.App\CMCS.Updater.App.csproj", "{D97389C6-7B65-4DE2-8AA9-D342848FFAB6}"
EndProject
Project("{FAE04EC0-301F-11D3-BF4B-00C04F79EFBC}") = "CMCS.Updater.Client", "Updater\CMCS.Updater.Client\CMCS.Updater.Client.csproj", "{588CED25-DEF7-4B04-8283-67B8B01D88BA}"
EndProject
Project("{FAE04EC0-301F-11D3-BF4B-00C04F79EFBC}") = "CMCS.Updater.Contract", "Updater\CMCS.Updater.Contract\CMCS.Updater.Contract.csproj", "{BA49A115-00F5-42A2-9233-B7C9F633950C}"
EndProject
Project("{FAE04EC0-301F-11D3-BF4B-00C04F79EFBC}") = "CMCS.Updater.Migrations", "Updater\CMCS.Updater.Migrations\CMCS.Updater.Migrations.csproj", "{AE8261EB-D078-4265-AE5F-AD96FA5A3568}"
EndProject
Project("{FAE04EC0-301F-11D3-BF4B-00C04F79EFBC}") = "CMCS.NodeClientApp", "NodeClientApp\CMCS.NodeClientApp\CMCS.NodeClientApp.csproj", "{733F4C03-8E6D-482F-9FB7-5677A5B20678}"
EndProject
Project("{2150E333-8FDC-42A3-9474-1A3956D46DE8}") = "Core", "Core", "{23096431-FA90-4A8D-AA59-61E856B2894E}"
EndProject
Project("{FAE04EC0-301F-11D3-BF4B-00C04F79EFBC}") = "CMCS.Shared.Core", "Shared\CMCS.Shared.Core\CMCS.Shared.Core.csproj", "{44D15470-3959-4EDB-B910-F85EDEB912C6}"
EndProject
Project("{FAE04EC0-301F-11D3-BF4B-00C04F79EFBC}") = "CMCS.Shared.Exceptions", "Shared\CMCS.Shared.Exceptions\CMCS.Shared.Exceptions.csproj", "{B4C8F24B-1A00-4517-A8EE-F3530B72662C}"
EndProject
Project("{FAE04EC0-301F-11D3-BF4B-00C04F79EFBC}") = "CMCS.Shared.Extensions", "Shared\CMCS.Shared.Extensions\CMCS.Shared.Extensions.csproj", "{CD8067AD-A21C-4DA0-BB45-D4924A626F0B}"
EndProject
Project("{2150E333-8FDC-42A3-9474-1A3956D46DE8}") = "Integrations", "Integrations", "{E7A94ADE-ACC2-4415-AE00-E229776A2B96}"
EndProject
Project("{FAE04EC0-301F-11D3-BF4B-00C04F79EFBC}") = "CMCS.Shared.Integrations.WhatToMine", "Shared\CMCS.Shared.Integrations.WhatToMine\CMCS.Shared.Integrations.WhatToMine.csproj", "{AD8F4AF0-B28E-49C9-8A9E-50FD21D5DD24}"
EndProject
Project("{2150E333-8FDC-42A3-9474-1A3956D46DE8}") = "Nodes", "Nodes", "{68046F56-1333-4D38-8F9E-D3D9784C0966}"
EndProject
Project("{2150E333-8FDC-42A3-9474-1A3956D46DE8}") = "MinerTasks", "MinerTasks", "{8A4C73A8-9A70-4BA7-85B6-B67B0F96666E}"
EndProject
Project("{2150E333-8FDC-42A3-9474-1A3956D46DE8}") = "Coins", "Coins", "{65049F92-707D-4AFB-B182-FCD804F12B03}"
EndProject
Project("{FAE04EC0-301F-11D3-BF4B-00C04F79EFBC}") = "CMCS.MinerTasks.App", "MinerTasks\CMCS.MinerTasks.App\CMCS.MinerTasks.App.csproj", "{5AFA97C3-D093-44F8-A0A5-505E5DDB4B67}"
EndProject
Project("{FAE04EC0-301F-11D3-BF4B-00C04F79EFBC}") = "CMCS.MinerTasks", "MinerTasks\CMCS.MinerTasks\CMCS.MinerTasks.csproj", "{16BBE224-B4B3-4632-AD07-8695634F0F41}"
EndProject
Project("{FAE04EC0-301F-11D3-BF4B-00C04F79EFBC}") = "CMCS.MinerTasks.Contract", "MinerTasks\CMCS.MinerTasks.Contract\CMCS.MinerTasks.Contract.csproj", "{C0625F6B-BF5D-424E-9986-3AD1FE9D9B79}"
EndProject
Project("{FAE04EC0-301F-11D3-BF4B-00C04F79EFBC}") = "CMCS.MinerTasks.Client", "MinerTasks\CMCS.MinerTasks.Client\CMCS.MinerTasks.Client.csproj", "{FCCCB7BE-543A-4B96-97B2-3C0F4E9B5BC8}"
EndProject
Project("{FAE04EC0-301F-11D3-BF4B-00C04F79EFBC}") = "CMCS.MinerTasks.Migrations", "MinerTasks\CMCS.MinerTasks.Migrations\CMCS.MinerTasks.Migrations.csproj", "{D22EF5CD-A263-4CF6-A506-03AADB335505}"
EndProject
Project("{FAE04EC0-301F-11D3-BF4B-00C04F79EFBC}") = "CMCS.Nodes.App", "Nodes\CMCS.Nodes.App\CMCS.Nodes.App.csproj", "{3A0F6A5C-CCE6-4280-A722-FA5948932FEE}"
EndProject
Project("{FAE04EC0-301F-11D3-BF4B-00C04F79EFBC}") = "CMCS.Nodes", "Nodes\CMCS.Nodes\CMCS.Nodes.csproj", "{462ED82F-50E7-4687-A31A-04E127619731}"
EndProject
Project("{FAE04EC0-301F-11D3-BF4B-00C04F79EFBC}") = "CMCS.Nodes.Contract", "Nodes\CMCS.Nodes.Contract\CMCS.Nodes.Contract.csproj", "{341CFBA2-64B6-4910-A787-EE53978862D6}"
EndProject
Project("{FAE04EC0-301F-11D3-BF4B-00C04F79EFBC}") = "CMCS.Nodes.Client", "Nodes\CMCS.Nodes.Client\CMCS.Nodes.Client.csproj", "{77A0345C-BC7F-43E5-9DC6-AADC7291D448}"
EndProject
Project("{FAE04EC0-301F-11D3-BF4B-00C04F79EFBC}") = "CMCS.Nodes.Migrations", "Nodes\CMCS.Nodes.Migrations\CMCS.Nodes.Migrations.csproj", "{32590954-7CEA-47E3-8210-83C4B384F09F}"
EndProject
Project("{FAE04EC0-301F-11D3-BF4B-00C04F79EFBC}") = "CMCS.Coins", "Coins\CMCS.Coins\CMCS.Coins.csproj", "{0E1347A4-DFD5-42FA-AEE0-E46C0F39C075}"
EndProject
Project("{FAE04EC0-301F-11D3-BF4B-00C04F79EFBC}") = "CMCS.Coins.App", "Coins\CMCS.Coins.App\CMCS.Coins.App.csproj", "{DCBEF596-A86A-4322-9634-434F509668E6}"
EndProject
Project("{FAE04EC0-301F-11D3-BF4B-00C04F79EFBC}") = "CMCS.Coins.Contract", "Coins\CMCS.Coins.Contract\CMCS.Coins.Contract.csproj", "{41B950B7-125A-44B3-AD81-4627DF8A4AB9}"
EndProject
Project("{FAE04EC0-301F-11D3-BF4B-00C04F79EFBC}") = "CMCS.Coins.Client", "Coins\CMCS.Coins.Client\CMCS.Coins.Client.csproj", "{D48B3872-8047-4E2B-960C-17E9B0F2E86E}"
EndProject
Project("{FAE04EC0-301F-11D3-BF4B-00C04F79EFBC}") = "CMCS.Coins.Migrations", "Coins\CMCS.Coins.Migrations\CMCS.Coins.Migrations.csproj", "{81BC1C5E-988E-46A7-8CD8-845E3F678E93}"
EndProject
Global
	GlobalSection(SolutionConfigurationPlatforms) = preSolution
		Debug|Any CPU = Debug|Any CPU
		Release|Any CPU = Release|Any CPU
	EndGlobalSection
	GlobalSection(NestedProjects) = preSolution
		{884E444E-869F-42F4-9968-63C4068EBADF} = {BD036118-DCEB-4CE7-903C-C3061D2E3F7A}
		{8CEED78C-6866-4C90-A13A-B346539BF380} = {BD036118-DCEB-4CE7-903C-C3061D2E3F7A}
		{3B99ABFF-1A3C-4772-B9CA-1D925C24F8C5} = {39B0E1DD-B6D8-4A9E-B3D2-9A35CAFC4946}
		{86D96967-8A04-442B-8555-3718B7E57D41} = {39B0E1DD-B6D8-4A9E-B3D2-9A35CAFC4946}
		{A1859022-72F0-4122-8CB2-4C42D45F1105} = {86D96967-8A04-442B-8555-3718B7E57D41}
		{D97389C6-7B65-4DE2-8AA9-D342848FFAB6} = {86D96967-8A04-442B-8555-3718B7E57D41}
		{588CED25-DEF7-4B04-8283-67B8B01D88BA} = {86D96967-8A04-442B-8555-3718B7E57D41}
		{BA49A115-00F5-42A2-9233-B7C9F633950C} = {86D96967-8A04-442B-8555-3718B7E57D41}
		{AE8261EB-D078-4265-AE5F-AD96FA5A3568} = {86D96967-8A04-442B-8555-3718B7E57D41}
		{733F4C03-8E6D-482F-9FB7-5677A5B20678} = {3B99ABFF-1A3C-4772-B9CA-1D925C24F8C5}
		{23096431-FA90-4A8D-AA59-61E856B2894E} = {BD036118-DCEB-4CE7-903C-C3061D2E3F7A}
		{44D15470-3959-4EDB-B910-F85EDEB912C6} = {23096431-FA90-4A8D-AA59-61E856B2894E}
		{B4C8F24B-1A00-4517-A8EE-F3530B72662C} = {8CEED78C-6866-4C90-A13A-B346539BF380}
		{CD8067AD-A21C-4DA0-BB45-D4924A626F0B} = {884E444E-869F-42F4-9968-63C4068EBADF}
		{E7A94ADE-ACC2-4415-AE00-E229776A2B96} = {BD036118-DCEB-4CE7-903C-C3061D2E3F7A}
		{AD8F4AF0-B28E-49C9-8A9E-50FD21D5DD24} = {E7A94ADE-ACC2-4415-AE00-E229776A2B96}
		{68046F56-1333-4D38-8F9E-D3D9784C0966} = {39B0E1DD-B6D8-4A9E-B3D2-9A35CAFC4946}
		{8A4C73A8-9A70-4BA7-85B6-B67B0F96666E} = {39B0E1DD-B6D8-4A9E-B3D2-9A35CAFC4946}
		{65049F92-707D-4AFB-B182-FCD804F12B03} = {39B0E1DD-B6D8-4A9E-B3D2-9A35CAFC4946}
		{5AFA97C3-D093-44F8-A0A5-505E5DDB4B67} = {8A4C73A8-9A70-4BA7-85B6-B67B0F96666E}
		{16BBE224-B4B3-4632-AD07-8695634F0F41} = {8A4C73A8-9A70-4BA7-85B6-B67B0F96666E}
		{C0625F6B-BF5D-424E-9986-3AD1FE9D9B79} = {8A4C73A8-9A70-4BA7-85B6-B67B0F96666E}
		{FCCCB7BE-543A-4B96-97B2-3C0F4E9B5BC8} = {8A4C73A8-9A70-4BA7-85B6-B67B0F96666E}
		{D22EF5CD-A263-4CF6-A506-03AADB335505} = {8A4C73A8-9A70-4BA7-85B6-B67B0F96666E}
		{3A0F6A5C-CCE6-4280-A722-FA5948932FEE} = {68046F56-1333-4D38-8F9E-D3D9784C0966}
		{462ED82F-50E7-4687-A31A-04E127619731} = {68046F56-1333-4D38-8F9E-D3D9784C0966}
		{341CFBA2-64B6-4910-A787-EE53978862D6} = {68046F56-1333-4D38-8F9E-D3D9784C0966}
		{77A0345C-BC7F-43E5-9DC6-AADC7291D448} = {68046F56-1333-4D38-8F9E-D3D9784C0966}
		{32590954-7CEA-47E3-8210-83C4B384F09F} = {68046F56-1333-4D38-8F9E-D3D9784C0966}
		{0E1347A4-DFD5-42FA-AEE0-E46C0F39C075} = {65049F92-707D-4AFB-B182-FCD804F12B03}
		{DCBEF596-A86A-4322-9634-434F509668E6} = {65049F92-707D-4AFB-B182-FCD804F12B03}
		{41B950B7-125A-44B3-AD81-4627DF8A4AB9} = {65049F92-707D-4AFB-B182-FCD804F12B03}
		{D48B3872-8047-4E2B-960C-17E9B0F2E86E} = {65049F92-707D-4AFB-B182-FCD804F12B03}
		{81BC1C5E-988E-46A7-8CD8-845E3F678E93} = {65049F92-707D-4AFB-B182-FCD804F12B03}
	EndGlobalSection
	GlobalSection(ProjectConfigurationPlatforms) = postSolution
		{A1859022-72F0-4122-8CB2-4C42D45F1105}.Debug|Any CPU.ActiveCfg = Debug|Any CPU
		{A1859022-72F0-4122-8CB2-4C42D45F1105}.Debug|Any CPU.Build.0 = Debug|Any CPU
		{A1859022-72F0-4122-8CB2-4C42D45F1105}.Release|Any CPU.ActiveCfg = Release|Any CPU
		{A1859022-72F0-4122-8CB2-4C42D45F1105}.Release|Any CPU.Build.0 = Release|Any CPU
		{D97389C6-7B65-4DE2-8AA9-D342848FFAB6}.Debug|Any CPU.ActiveCfg = Debug|Any CPU
		{D97389C6-7B65-4DE2-8AA9-D342848FFAB6}.Debug|Any CPU.Build.0 = Debug|Any CPU
		{D97389C6-7B65-4DE2-8AA9-D342848FFAB6}.Release|Any CPU.ActiveCfg = Release|Any CPU
		{D97389C6-7B65-4DE2-8AA9-D342848FFAB6}.Release|Any CPU.Build.0 = Release|Any CPU
		{588CED25-DEF7-4B04-8283-67B8B01D88BA}.Debug|Any CPU.ActiveCfg = Debug|Any CPU
		{588CED25-DEF7-4B04-8283-67B8B01D88BA}.Debug|Any CPU.Build.0 = Debug|Any CPU
		{588CED25-DEF7-4B04-8283-67B8B01D88BA}.Release|Any CPU.ActiveCfg = Release|Any CPU
		{588CED25-DEF7-4B04-8283-67B8B01D88BA}.Release|Any CPU.Build.0 = Release|Any CPU
		{BA49A115-00F5-42A2-9233-B7C9F633950C}.Debug|Any CPU.ActiveCfg = Debug|Any CPU
		{BA49A115-00F5-42A2-9233-B7C9F633950C}.Debug|Any CPU.Build.0 = Debug|Any CPU
		{BA49A115-00F5-42A2-9233-B7C9F633950C}.Release|Any CPU.ActiveCfg = Release|Any CPU
		{BA49A115-00F5-42A2-9233-B7C9F633950C}.Release|Any CPU.Build.0 = Release|Any CPU
		{AE8261EB-D078-4265-AE5F-AD96FA5A3568}.Debug|Any CPU.ActiveCfg = Debug|Any CPU
		{AE8261EB-D078-4265-AE5F-AD96FA5A3568}.Debug|Any CPU.Build.0 = Debug|Any CPU
		{AE8261EB-D078-4265-AE5F-AD96FA5A3568}.Release|Any CPU.ActiveCfg = Release|Any CPU
		{AE8261EB-D078-4265-AE5F-AD96FA5A3568}.Release|Any CPU.Build.0 = Release|Any CPU
		{733F4C03-8E6D-482F-9FB7-5677A5B20678}.Debug|Any CPU.ActiveCfg = Debug|Any CPU
		{733F4C03-8E6D-482F-9FB7-5677A5B20678}.Debug|Any CPU.Build.0 = Debug|Any CPU
		{733F4C03-8E6D-482F-9FB7-5677A5B20678}.Release|Any CPU.ActiveCfg = Release|Any CPU
		{733F4C03-8E6D-482F-9FB7-5677A5B20678}.Release|Any CPU.Build.0 = Release|Any CPU
		{44D15470-3959-4EDB-B910-F85EDEB912C6}.Debug|Any CPU.ActiveCfg = Debug|Any CPU
		{44D15470-3959-4EDB-B910-F85EDEB912C6}.Debug|Any CPU.Build.0 = Debug|Any CPU
		{44D15470-3959-4EDB-B910-F85EDEB912C6}.Release|Any CPU.ActiveCfg = Release|Any CPU
		{44D15470-3959-4EDB-B910-F85EDEB912C6}.Release|Any CPU.Build.0 = Release|Any CPU
		{B4C8F24B-1A00-4517-A8EE-F3530B72662C}.Debug|Any CPU.ActiveCfg = Debug|Any CPU
		{B4C8F24B-1A00-4517-A8EE-F3530B72662C}.Debug|Any CPU.Build.0 = Debug|Any CPU
		{B4C8F24B-1A00-4517-A8EE-F3530B72662C}.Release|Any CPU.ActiveCfg = Release|Any CPU
		{B4C8F24B-1A00-4517-A8EE-F3530B72662C}.Release|Any CPU.Build.0 = Release|Any CPU
		{CD8067AD-A21C-4DA0-BB45-D4924A626F0B}.Debug|Any CPU.ActiveCfg = Debug|Any CPU
		{CD8067AD-A21C-4DA0-BB45-D4924A626F0B}.Debug|Any CPU.Build.0 = Debug|Any CPU
		{CD8067AD-A21C-4DA0-BB45-D4924A626F0B}.Release|Any CPU.ActiveCfg = Release|Any CPU
		{CD8067AD-A21C-4DA0-BB45-D4924A626F0B}.Release|Any CPU.Build.0 = Release|Any CPU
		{AD8F4AF0-B28E-49C9-8A9E-50FD21D5DD24}.Debug|Any CPU.ActiveCfg = Debug|Any CPU
		{AD8F4AF0-B28E-49C9-8A9E-50FD21D5DD24}.Debug|Any CPU.Build.0 = Debug|Any CPU
		{AD8F4AF0-B28E-49C9-8A9E-50FD21D5DD24}.Release|Any CPU.ActiveCfg = Release|Any CPU
		{AD8F4AF0-B28E-49C9-8A9E-50FD21D5DD24}.Release|Any CPU.Build.0 = Release|Any CPU
		{5AFA97C3-D093-44F8-A0A5-505E5DDB4B67}.Debug|Any CPU.ActiveCfg = Debug|Any CPU
		{5AFA97C3-D093-44F8-A0A5-505E5DDB4B67}.Debug|Any CPU.Build.0 = Debug|Any CPU
		{5AFA97C3-D093-44F8-A0A5-505E5DDB4B67}.Release|Any CPU.ActiveCfg = Release|Any CPU
		{5AFA97C3-D093-44F8-A0A5-505E5DDB4B67}.Release|Any CPU.Build.0 = Release|Any CPU
		{16BBE224-B4B3-4632-AD07-8695634F0F41}.Debug|Any CPU.ActiveCfg = Debug|Any CPU
		{16BBE224-B4B3-4632-AD07-8695634F0F41}.Debug|Any CPU.Build.0 = Debug|Any CPU
		{16BBE224-B4B3-4632-AD07-8695634F0F41}.Release|Any CPU.ActiveCfg = Release|Any CPU
		{16BBE224-B4B3-4632-AD07-8695634F0F41}.Release|Any CPU.Build.0 = Release|Any CPU
		{C0625F6B-BF5D-424E-9986-3AD1FE9D9B79}.Debug|Any CPU.ActiveCfg = Debug|Any CPU
		{C0625F6B-BF5D-424E-9986-3AD1FE9D9B79}.Debug|Any CPU.Build.0 = Debug|Any CPU
		{C0625F6B-BF5D-424E-9986-3AD1FE9D9B79}.Release|Any CPU.ActiveCfg = Release|Any CPU
		{C0625F6B-BF5D-424E-9986-3AD1FE9D9B79}.Release|Any CPU.Build.0 = Release|Any CPU
		{FCCCB7BE-543A-4B96-97B2-3C0F4E9B5BC8}.Debug|Any CPU.ActiveCfg = Debug|Any CPU
		{FCCCB7BE-543A-4B96-97B2-3C0F4E9B5BC8}.Debug|Any CPU.Build.0 = Debug|Any CPU
		{FCCCB7BE-543A-4B96-97B2-3C0F4E9B5BC8}.Release|Any CPU.ActiveCfg = Release|Any CPU
		{FCCCB7BE-543A-4B96-97B2-3C0F4E9B5BC8}.Release|Any CPU.Build.0 = Release|Any CPU
		{D22EF5CD-A263-4CF6-A506-03AADB335505}.Debug|Any CPU.ActiveCfg = Debug|Any CPU
		{D22EF5CD-A263-4CF6-A506-03AADB335505}.Debug|Any CPU.Build.0 = Debug|Any CPU
		{D22EF5CD-A263-4CF6-A506-03AADB335505}.Release|Any CPU.ActiveCfg = Release|Any CPU
		{D22EF5CD-A263-4CF6-A506-03AADB335505}.Release|Any CPU.Build.0 = Release|Any CPU
		{3A0F6A5C-CCE6-4280-A722-FA5948932FEE}.Debug|Any CPU.ActiveCfg = Debug|Any CPU
		{3A0F6A5C-CCE6-4280-A722-FA5948932FEE}.Debug|Any CPU.Build.0 = Debug|Any CPU
		{3A0F6A5C-CCE6-4280-A722-FA5948932FEE}.Release|Any CPU.ActiveCfg = Release|Any CPU
		{3A0F6A5C-CCE6-4280-A722-FA5948932FEE}.Release|Any CPU.Build.0 = Release|Any CPU
		{462ED82F-50E7-4687-A31A-04E127619731}.Debug|Any CPU.ActiveCfg = Debug|Any CPU
		{462ED82F-50E7-4687-A31A-04E127619731}.Debug|Any CPU.Build.0 = Debug|Any CPU
		{462ED82F-50E7-4687-A31A-04E127619731}.Release|Any CPU.ActiveCfg = Release|Any CPU
		{462ED82F-50E7-4687-A31A-04E127619731}.Release|Any CPU.Build.0 = Release|Any CPU
		{341CFBA2-64B6-4910-A787-EE53978862D6}.Debug|Any CPU.ActiveCfg = Debug|Any CPU
		{341CFBA2-64B6-4910-A787-EE53978862D6}.Debug|Any CPU.Build.0 = Debug|Any CPU
		{341CFBA2-64B6-4910-A787-EE53978862D6}.Release|Any CPU.ActiveCfg = Release|Any CPU
		{341CFBA2-64B6-4910-A787-EE53978862D6}.Release|Any CPU.Build.0 = Release|Any CPU
		{77A0345C-BC7F-43E5-9DC6-AADC7291D448}.Debug|Any CPU.ActiveCfg = Debug|Any CPU
		{77A0345C-BC7F-43E5-9DC6-AADC7291D448}.Debug|Any CPU.Build.0 = Debug|Any CPU
		{77A0345C-BC7F-43E5-9DC6-AADC7291D448}.Release|Any CPU.ActiveCfg = Release|Any CPU
		{77A0345C-BC7F-43E5-9DC6-AADC7291D448}.Release|Any CPU.Build.0 = Release|Any CPU
		{32590954-7CEA-47E3-8210-83C4B384F09F}.Debug|Any CPU.ActiveCfg = Debug|Any CPU
		{32590954-7CEA-47E3-8210-83C4B384F09F}.Debug|Any CPU.Build.0 = Debug|Any CPU
		{32590954-7CEA-47E3-8210-83C4B384F09F}.Release|Any CPU.ActiveCfg = Release|Any CPU
		{32590954-7CEA-47E3-8210-83C4B384F09F}.Release|Any CPU.Build.0 = Release|Any CPU
		{0E1347A4-DFD5-42FA-AEE0-E46C0F39C075}.Debug|Any CPU.ActiveCfg = Debug|Any CPU
		{0E1347A4-DFD5-42FA-AEE0-E46C0F39C075}.Debug|Any CPU.Build.0 = Debug|Any CPU
		{0E1347A4-DFD5-42FA-AEE0-E46C0F39C075}.Release|Any CPU.ActiveCfg = Release|Any CPU
		{0E1347A4-DFD5-42FA-AEE0-E46C0F39C075}.Release|Any CPU.Build.0 = Release|Any CPU
		{DCBEF596-A86A-4322-9634-434F509668E6}.Debug|Any CPU.ActiveCfg = Debug|Any CPU
		{DCBEF596-A86A-4322-9634-434F509668E6}.Debug|Any CPU.Build.0 = Debug|Any CPU
		{DCBEF596-A86A-4322-9634-434F509668E6}.Release|Any CPU.ActiveCfg = Release|Any CPU
		{DCBEF596-A86A-4322-9634-434F509668E6}.Release|Any CPU.Build.0 = Release|Any CPU
		{41B950B7-125A-44B3-AD81-4627DF8A4AB9}.Debug|Any CPU.ActiveCfg = Debug|Any CPU
		{41B950B7-125A-44B3-AD81-4627DF8A4AB9}.Debug|Any CPU.Build.0 = Debug|Any CPU
		{41B950B7-125A-44B3-AD81-4627DF8A4AB9}.Release|Any CPU.ActiveCfg = Release|Any CPU
		{41B950B7-125A-44B3-AD81-4627DF8A4AB9}.Release|Any CPU.Build.0 = Release|Any CPU
		{D48B3872-8047-4E2B-960C-17E9B0F2E86E}.Debug|Any CPU.ActiveCfg = Debug|Any CPU
		{D48B3872-8047-4E2B-960C-17E9B0F2E86E}.Debug|Any CPU.Build.0 = Debug|Any CPU
		{D48B3872-8047-4E2B-960C-17E9B0F2E86E}.Release|Any CPU.ActiveCfg = Release|Any CPU
		{D48B3872-8047-4E2B-960C-17E9B0F2E86E}.Release|Any CPU.Build.0 = Release|Any CPU
		{81BC1C5E-988E-46A7-8CD8-845E3F678E93}.Debug|Any CPU.ActiveCfg = Debug|Any CPU
		{81BC1C5E-988E-46A7-8CD8-845E3F678E93}.Debug|Any CPU.Build.0 = Debug|Any CPU
		{81BC1C5E-988E-46A7-8CD8-845E3F678E93}.Release|Any CPU.ActiveCfg = Release|Any CPU
		{81BC1C5E-988E-46A7-8CD8-845E3F678E93}.Release|Any CPU.Build.0 = Release|Any CPU
	EndGlobalSection
EndGlobal
