
Microsoft Visual Studio Solution File, Format Version 12.00
Project("{2150E333-8FDC-42A3-9474-1A3956D46DE8}") = "Manager", "Manager", "{791B5442-88A5-498A-A516-EBA31B25FED3}"
EndProject
Project("{2150E333-8FDC-42A3-9474-1A3956D46DE8}") = "NodeClient", "NodeClient", "{3B99ABFF-1A3C-4772-B9CA-1D925C24F8C5}"
EndProject
Project("{2150E333-8FDC-42A3-9474-1A3956D46DE8}") = "Updater", "Updater", "{86D96967-8A04-442B-8555-3718B7E57D41}"
EndProject
Project("{FAE04EC0-301F-11D3-BF4B-00C04F79EFBC}") = "CMCS.Manager.App", "Manager\CMCS.Manager.App\CMCS.Manager.App.csproj", "{9F028155-AA13-42EC-8482-86D43F44C726}"
EndProject
Project("{FAE04EC0-301F-11D3-BF4B-00C04F79EFBC}") = "CMCS.Manager", "Manager\CMCS.Manager\CMCS.Manager.csproj", "{3C3B214A-B875-4748-8124-D06436AECA76}"
EndProject
Project("{FAE04EC0-301F-11D3-BF4B-00C04F79EFBC}") = "CMCS.Manager.Contract", "Manager\CMCS.Manager.Contract\CMCS.Manager.Contract.csproj", "{BA59BDC8-3A51-4E83-83CC-CDE592B6DE6E}"
EndProject
Project("{FAE04EC0-301F-11D3-BF4B-00C04F79EFBC}") = "CMCS.Manager.Client", "Manager\CMCS.Manager.Client\CMCS.Manager.Client.csproj", "{FBE513B9-02E6-4FF8-84C5-BAFEF872F800}"
EndProject
Project("{FAE04EC0-301F-11D3-BF4B-00C04F79EFBC}") = "CMCS.Manager.Migrations", "Manager\CMCS.Manager.Migrations\CMCS.Manager.Migrations.csproj", "{0C9F7995-7B2B-45CC-8228-590B1E8E6E8E}"
EndProject
Project("{2150E333-8FDC-42A3-9474-1A3956D46DE8}") = "Shared", "Shared", "{BD036118-DCEB-4CE7-903C-C3061D2E3F7A}"
EndProject
Project("{2150E333-8FDC-42A3-9474-1A3956D46DE8}") = "Extensions", "Extensions", "{884E444E-869F-42F4-9968-63C4068EBADF}"
EndProject
Project("{FAE04EC0-301F-11D3-BF4B-00C04F79EFBC}") = "CMCS.Shared.Extensions", "CMCS.Shared.Extensions\CMCS.Shared.Extensions.csproj", "{809FC176-257A-499D-93CF-C625630FE8A2}"
EndProject
Project("{2150E333-8FDC-42A3-9474-1A3956D46DE8}") = "Exceptions", "Exceptions", "{8CEED78C-6866-4C90-A13A-B346539BF380}"
EndProject
Project("{FAE04EC0-301F-11D3-BF4B-00C04F79EFBC}") = "CMCS.Shared.Exceptions", "CMCS.Shared.Exceptions\CMCS.Shared.Exceptions.csproj", "{ADD8395A-5954-4B2F-8413-9D105542BDEE}"
EndProject
Project("{2150E333-8FDC-42A3-9474-1A3956D46DE8}") = "Services", "Services", "{39B0E1DD-B6D8-4A9E-B3D2-9A35CAFC4946}"
EndProject
Project("{FAE04EC0-301F-11D3-BF4B-00C04F79EFBC}") = "CMCS.NodeClientApp", "CMCS.NodeClientApp\CMCS.NodeClientApp.csproj", "{18147554-C4E7-42F8-A5E9-C3477388849B}"
EndProject
Project("{FAE04EC0-301F-11D3-BF4B-00C04F79EFBC}") = "CMCS.Updater.App", "CMCS.Updater.App\CMCS.Updater.App.csproj", "{1EF603BE-6FEA-4358-875A-45C64A59AEA2}"
EndProject
Project("{FAE04EC0-301F-11D3-BF4B-00C04F79EFBC}") = "CMCS.Updater", "CMCS.Updater\CMCS.Updater.csproj", "{EB5FC868-35E8-430A-AD08-E6BC9650C2B0}"
EndProject
Project("{FAE04EC0-301F-11D3-BF4B-00C04F79EFBC}") = "CMCS.Updater.Client", "CMCS.Updater.Client\CMCS.Updater.Client.csproj", "{6D07083D-CBD2-4D79-9181-5CB31DC43F46}"
EndProject
Project("{FAE04EC0-301F-11D3-BF4B-00C04F79EFBC}") = "CMCS.Updater.Contract", "CMCS.Updater.Contract\CMCS.Updater.Contract.csproj", "{064E8F73-D26A-48A5-867D-FF456F40F64B}"
EndProject
Project("{FAE04EC0-301F-11D3-BF4B-00C04F79EFBC}") = "CMCS.Updater.Migrations", "CMCS.Updater.Migrations\CMCS.Updater.Migrations.csproj", "{865C5F9E-0202-45CE-9F53-C534432833F8}"
EndProject
Global
	GlobalSection(SolutionConfigurationPlatforms) = preSolution
		Debug|Any CPU = Debug|Any CPU
		Release|Any CPU = Release|Any CPU
	EndGlobalSection
	GlobalSection(NestedProjects) = preSolution
		{9F028155-AA13-42EC-8482-86D43F44C726} = {791B5442-88A5-498A-A516-EBA31B25FED3}
		{3C3B214A-B875-4748-8124-D06436AECA76} = {791B5442-88A5-498A-A516-EBA31B25FED3}
		{BA59BDC8-3A51-4E83-83CC-CDE592B6DE6E} = {791B5442-88A5-498A-A516-EBA31B25FED3}
		{FBE513B9-02E6-4FF8-84C5-BAFEF872F800} = {791B5442-88A5-498A-A516-EBA31B25FED3}
		{0C9F7995-7B2B-45CC-8228-590B1E8E6E8E} = {791B5442-88A5-498A-A516-EBA31B25FED3}
		{884E444E-869F-42F4-9968-63C4068EBADF} = {BD036118-DCEB-4CE7-903C-C3061D2E3F7A}
		{809FC176-257A-499D-93CF-C625630FE8A2} = {884E444E-869F-42F4-9968-63C4068EBADF}
		{8CEED78C-6866-4C90-A13A-B346539BF380} = {BD036118-DCEB-4CE7-903C-C3061D2E3F7A}
		{ADD8395A-5954-4B2F-8413-9D105542BDEE} = {8CEED78C-6866-4C90-A13A-B346539BF380}
		{791B5442-88A5-498A-A516-EBA31B25FED3} = {39B0E1DD-B6D8-4A9E-B3D2-9A35CAFC4946}
		{3B99ABFF-1A3C-4772-B9CA-1D925C24F8C5} = {39B0E1DD-B6D8-4A9E-B3D2-9A35CAFC4946}
		{86D96967-8A04-442B-8555-3718B7E57D41} = {39B0E1DD-B6D8-4A9E-B3D2-9A35CAFC4946}
		{18147554-C4E7-42F8-A5E9-C3477388849B} = {3B99ABFF-1A3C-4772-B9CA-1D925C24F8C5}
		{1EF603BE-6FEA-4358-875A-45C64A59AEA2} = {86D96967-8A04-442B-8555-3718B7E57D41}
		{EB5FC868-35E8-430A-AD08-E6BC9650C2B0} = {86D96967-8A04-442B-8555-3718B7E57D41}
		{6D07083D-CBD2-4D79-9181-5CB31DC43F46} = {86D96967-8A04-442B-8555-3718B7E57D41}
		{064E8F73-D26A-48A5-867D-FF456F40F64B} = {86D96967-8A04-442B-8555-3718B7E57D41}
		{865C5F9E-0202-45CE-9F53-C534432833F8} = {86D96967-8A04-442B-8555-3718B7E57D41}
	EndGlobalSection
	GlobalSection(ProjectConfigurationPlatforms) = postSolution
		{9F028155-AA13-42EC-8482-86D43F44C726}.Debug|Any CPU.ActiveCfg = Debug|Any CPU
		{9F028155-AA13-42EC-8482-86D43F44C726}.Debug|Any CPU.Build.0 = Debug|Any CPU
		{9F028155-AA13-42EC-8482-86D43F44C726}.Release|Any CPU.ActiveCfg = Release|Any CPU
		{9F028155-AA13-42EC-8482-86D43F44C726}.Release|Any CPU.Build.0 = Release|Any CPU
		{3C3B214A-B875-4748-8124-D06436AECA76}.Debug|Any CPU.ActiveCfg = Debug|Any CPU
		{3C3B214A-B875-4748-8124-D06436AECA76}.Debug|Any CPU.Build.0 = Debug|Any CPU
		{3C3B214A-B875-4748-8124-D06436AECA76}.Release|Any CPU.ActiveCfg = Release|Any CPU
		{3C3B214A-B875-4748-8124-D06436AECA76}.Release|Any CPU.Build.0 = Release|Any CPU
		{BA59BDC8-3A51-4E83-83CC-CDE592B6DE6E}.Debug|Any CPU.ActiveCfg = Debug|Any CPU
		{BA59BDC8-3A51-4E83-83CC-CDE592B6DE6E}.Debug|Any CPU.Build.0 = Debug|Any CPU
		{BA59BDC8-3A51-4E83-83CC-CDE592B6DE6E}.Release|Any CPU.ActiveCfg = Release|Any CPU
		{BA59BDC8-3A51-4E83-83CC-CDE592B6DE6E}.Release|Any CPU.Build.0 = Release|Any CPU
		{FBE513B9-02E6-4FF8-84C5-BAFEF872F800}.Debug|Any CPU.ActiveCfg = Debug|Any CPU
		{FBE513B9-02E6-4FF8-84C5-BAFEF872F800}.Debug|Any CPU.Build.0 = Debug|Any CPU
		{FBE513B9-02E6-4FF8-84C5-BAFEF872F800}.Release|Any CPU.ActiveCfg = Release|Any CPU
		{FBE513B9-02E6-4FF8-84C5-BAFEF872F800}.Release|Any CPU.Build.0 = Release|Any CPU
		{0C9F7995-7B2B-45CC-8228-590B1E8E6E8E}.Debug|Any CPU.ActiveCfg = Debug|Any CPU
		{0C9F7995-7B2B-45CC-8228-590B1E8E6E8E}.Debug|Any CPU.Build.0 = Debug|Any CPU
		{0C9F7995-7B2B-45CC-8228-590B1E8E6E8E}.Release|Any CPU.ActiveCfg = Release|Any CPU
		{0C9F7995-7B2B-45CC-8228-590B1E8E6E8E}.Release|Any CPU.Build.0 = Release|Any CPU
		{809FC176-257A-499D-93CF-C625630FE8A2}.Debug|Any CPU.ActiveCfg = Debug|Any CPU
		{809FC176-257A-499D-93CF-C625630FE8A2}.Debug|Any CPU.Build.0 = Debug|Any CPU
		{809FC176-257A-499D-93CF-C625630FE8A2}.Release|Any CPU.ActiveCfg = Release|Any CPU
		{809FC176-257A-499D-93CF-C625630FE8A2}.Release|Any CPU.Build.0 = Release|Any CPU
		{ADD8395A-5954-4B2F-8413-9D105542BDEE}.Debug|Any CPU.ActiveCfg = Debug|Any CPU
		{ADD8395A-5954-4B2F-8413-9D105542BDEE}.Debug|Any CPU.Build.0 = Debug|Any CPU
		{ADD8395A-5954-4B2F-8413-9D105542BDEE}.Release|Any CPU.ActiveCfg = Release|Any CPU
		{ADD8395A-5954-4B2F-8413-9D105542BDEE}.Release|Any CPU.Build.0 = Release|Any CPU
		{18147554-C4E7-42F8-A5E9-C3477388849B}.Debug|Any CPU.ActiveCfg = Debug|Any CPU
		{18147554-C4E7-42F8-A5E9-C3477388849B}.Debug|Any CPU.Build.0 = Debug|Any CPU
		{18147554-C4E7-42F8-A5E9-C3477388849B}.Release|Any CPU.ActiveCfg = Release|Any CPU
		{18147554-C4E7-42F8-A5E9-C3477388849B}.Release|Any CPU.Build.0 = Release|Any CPU
		{1EF603BE-6FEA-4358-875A-45C64A59AEA2}.Debug|Any CPU.ActiveCfg = Debug|Any CPU
		{1EF603BE-6FEA-4358-875A-45C64A59AEA2}.Debug|Any CPU.Build.0 = Debug|Any CPU
		{1EF603BE-6FEA-4358-875A-45C64A59AEA2}.Release|Any CPU.ActiveCfg = Release|Any CPU
		{1EF603BE-6FEA-4358-875A-45C64A59AEA2}.Release|Any CPU.Build.0 = Release|Any CPU
		{EB5FC868-35E8-430A-AD08-E6BC9650C2B0}.Debug|Any CPU.ActiveCfg = Debug|Any CPU
		{EB5FC868-35E8-430A-AD08-E6BC9650C2B0}.Debug|Any CPU.Build.0 = Debug|Any CPU
		{EB5FC868-35E8-430A-AD08-E6BC9650C2B0}.Release|Any CPU.ActiveCfg = Release|Any CPU
		{EB5FC868-35E8-430A-AD08-E6BC9650C2B0}.Release|Any CPU.Build.0 = Release|Any CPU
		{6D07083D-CBD2-4D79-9181-5CB31DC43F46}.Debug|Any CPU.ActiveCfg = Debug|Any CPU
		{6D07083D-CBD2-4D79-9181-5CB31DC43F46}.Debug|Any CPU.Build.0 = Debug|Any CPU
		{6D07083D-CBD2-4D79-9181-5CB31DC43F46}.Release|Any CPU.ActiveCfg = Release|Any CPU
		{6D07083D-CBD2-4D79-9181-5CB31DC43F46}.Release|Any CPU.Build.0 = Release|Any CPU
		{064E8F73-D26A-48A5-867D-FF456F40F64B}.Debug|Any CPU.ActiveCfg = Debug|Any CPU
		{064E8F73-D26A-48A5-867D-FF456F40F64B}.Debug|Any CPU.Build.0 = Debug|Any CPU
		{064E8F73-D26A-48A5-867D-FF456F40F64B}.Release|Any CPU.ActiveCfg = Release|Any CPU
		{064E8F73-D26A-48A5-867D-FF456F40F64B}.Release|Any CPU.Build.0 = Release|Any CPU
		{865C5F9E-0202-45CE-9F53-C534432833F8}.Debug|Any CPU.ActiveCfg = Debug|Any CPU
		{865C5F9E-0202-45CE-9F53-C534432833F8}.Debug|Any CPU.Build.0 = Debug|Any CPU
		{865C5F9E-0202-45CE-9F53-C534432833F8}.Release|Any CPU.ActiveCfg = Release|Any CPU
		{865C5F9E-0202-45CE-9F53-C534432833F8}.Release|Any CPU.Build.0 = Release|Any CPU
	EndGlobalSection
EndGlobal
